// !$*UTF8*$!
{
	archiveVersion = 1;
	classes = {
	};
	objectVersion = 56;
	objects = {

/* Begin PBXBuildFile section */
		8E34132F2B4684CD00DF394D /* Navigation.swift in Sources */ = {isa = PBXBuildFile; fileRef = 8E34132E2B4684CD00DF394D /* Navigation.swift */; };
		8E4577552B412F4200CD8251 /* FastSwiftBasicApp.swift in Sources */ = {isa = PBXBuildFile; fileRef = 8E4577542B412F4200CD8251 /* FastSwiftBasicApp.swift */; };
		8E4577572B412F4200CD8251 /* ContentView.swift in Sources */ = {isa = PBXBuildFile; fileRef = 8E4577562B412F4200CD8251 /* ContentView.swift */; };
		8E4577592B412F4500CD8251 /* Assets.xcassets in Resources */ = {isa = PBXBuildFile; fileRef = 8E4577582B412F4500CD8251 /* Assets.xcassets */; };
		8E45775C2B412F4500CD8251 /* Preview Assets.xcassets in Resources */ = {isa = PBXBuildFile; fileRef = 8E45775B2B412F4500CD8251 /* Preview Assets.xcassets */; };
		8E4577632B41325100CD8251 /* VariableType.swift in Sources */ = {isa = PBXBuildFile; fileRef = 8E4577622B41325100CD8251 /* VariableType.swift */; };
		8E4577652B41401E00CD8251 /* MyCollection.swift in Sources */ = {isa = PBXBuildFile; fileRef = 8E4577642B41401E00CD8251 /* MyCollection.swift */; };
		8E4577672B41471D00CD8251 /* Condition.swift in Sources */ = {isa = PBXBuildFile; fileRef = 8E4577662B41471D00CD8251 /* Condition.swift */; };
		8E4577692B41507B00CD8251 /* Loop.swift in Sources */ = {isa = PBXBuildFile; fileRef = 8E4577682B41507B00CD8251 /* Loop.swift */; };
		8E45776B2B4156C600CD8251 /* function.swift in Sources */ = {isa = PBXBuildFile; fileRef = 8E45776A2B4156C600CD8251 /* function.swift */; };
		8E45776D2B415CD300CD8251 /* Half.swift in Sources */ = {isa = PBXBuildFile; fileRef = 8E45776C2B415CD300CD8251 /* Half.swift */; };
		8E45776F2B427AC800CD8251 /* Elevator.swift in Sources */ = {isa = PBXBuildFile; fileRef = 8E45776E2B427AC800CD8251 /* Elevator.swift */; };
		8E4577712B42814900CD8251 /* Diff.swift in Sources */ = {isa = PBXBuildFile; fileRef = 8E4577702B42814900CD8251 /* Diff.swift */; };
		8E4577752B429FA900CD8251 /* Choice.swift in Sources */ = {isa = PBXBuildFile; fileRef = 8E4577742B429FA900CD8251 /* Choice.swift */; };
		8E4577772B42A2FD00CD8251 /* Selection.swift in Sources */ = {isa = PBXBuildFile; fileRef = 8E4577762B42A2FD00CD8251 /* Selection.swift */; };
		8E4577792B42ABB200CD8251 /* Nil.swift in Sources */ = {isa = PBXBuildFile; fileRef = 8E4577782B42ABB200CD8251 /* Nil.swift */; };
		8E45777B2B42D98600CD8251 /* Option.swift in Sources */ = {isa = PBXBuildFile; fileRef = 8E45777A2B42D98600CD8251 /* Option.swift */; };
		8E45777D2B43CF2100CD8251 /* Sample.swift in Sources */ = {isa = PBXBuildFile; fileRef = 8E45777C2B43CF2100CD8251 /* Sample.swift */; };
		8E45777F2B43D65B00CD8251 /* Exception.swift in Sources */ = {isa = PBXBuildFile; fileRef = 8E45777E2B43D65B00CD8251 /* Exception.swift */; };
		8E4577812B43DCCD00CD8251 /* MyCar.swift in Sources */ = {isa = PBXBuildFile; fileRef = 8E4577802B43DCCD00CD8251 /* MyCar.swift */; };
		8E4577832B43ECD800CD8251 /* Generic.swift in Sources */ = {isa = PBXBuildFile; fileRef = 8E4577822B43ECD800CD8251 /* Generic.swift */; };
		8E4577872B43F27900CD8251 /* Exapp.swift in Sources */ = {isa = PBXBuildFile; fileRef = 8E4577862B43F27900CD8251 /* Exapp.swift */; };
		8E4577892B43FFC800CD8251 /* Layout.swift in Sources */ = {isa = PBXBuildFile; fileRef = 8E4577882B43FFC800CD8251 /* Layout.swift */; };
		8E45778B2B4420A100CD8251 /* Onboarding.swift in Sources */ = {isa = PBXBuildFile; fileRef = 8E45778A2B4420A100CD8251 /* Onboarding.swift */; };
		8E45778D2B44240E00CD8251 /* ListLoop.swift in Sources */ = {isa = PBXBuildFile; fileRef = 8E45778C2B44240E00CD8251 /* ListLoop.swift */; };
		8E4577912B45985900CD8251 /* Setting.swift in Sources */ = {isa = PBXBuildFile; fileRef = 8E4577902B45985900CD8251 /* Setting.swift */; };
		8E4577942B45A23500CD8251 /* Modal.swift in Sources */ = {isa = PBXBuildFile; fileRef = 8E4577932B45A23500CD8251 /* Modal.swift */; };
		8E4577962B45A3D400CD8251 /* Detail.swift in Sources */ = {isa = PBXBuildFile; fileRef = 8E4577952B45A3D400CD8251 /* Detail.swift */; };
/* End PBXBuildFile section */

/* Begin PBXFileReference section */
		8E34132E2B4684CD00DF394D /* Navigation.swift */ = {isa = PBXFileReference; lastKnownFileType = sourcecode.swift; path = Navigation.swift; sourceTree = "<group>"; };
		8E4577512B412F4200CD8251 /* FastSwiftBasic.app */ = {isa = PBXFileReference; explicitFileType = wrapper.application; includeInIndex = 0; path = FastSwiftBasic.app; sourceTree = BUILT_PRODUCTS_DIR; };
		8E4577542B412F4200CD8251 /* FastSwiftBasicApp.swift */ = {isa = PBXFileReference; lastKnownFileType = sourcecode.swift; path = FastSwiftBasicApp.swift; sourceTree = "<group>"; };
		8E4577562B412F4200CD8251 /* ContentView.swift */ = {isa = PBXFileReference; lastKnownFileType = sourcecode.swift; path = ContentView.swift; sourceTree = "<group>"; };
		8E4577582B412F4500CD8251 /* Assets.xcassets */ = {isa = PBXFileReference; lastKnownFileType = folder.assetcatalog; path = Assets.xcassets; sourceTree = "<group>"; };
		8E45775B2B412F4500CD8251 /* Preview Assets.xcassets */ = {isa = PBXFileReference; lastKnownFileType = folder.assetcatalog; path = "Preview Assets.xcassets"; sourceTree = "<group>"; };
		8E4577622B41325100CD8251 /* VariableType.swift */ = {isa = PBXFileReference; lastKnownFileType = sourcecode.swift; path = VariableType.swift; sourceTree = "<group>"; };
		8E4577642B41401E00CD8251 /* MyCollection.swift */ = {isa = PBXFileReference; lastKnownFileType = sourcecode.swift; path = MyCollection.swift; sourceTree = "<group>"; };
		8E4577662B41471D00CD8251 /* Condition.swift */ = {isa = PBXFileReference; lastKnownFileType = sourcecode.swift; path = Condition.swift; sourceTree = "<group>"; };
		8E4577682B41507B00CD8251 /* Loop.swift */ = {isa = PBXFileReference; lastKnownFileType = sourcecode.swift; path = Loop.swift; sourceTree = "<group>"; };
		8E45776A2B4156C600CD8251 /* function.swift */ = {isa = PBXFileReference; lastKnownFileType = sourcecode.swift; path = function.swift; sourceTree = "<group>"; };
		8E45776C2B415CD300CD8251 /* Half.swift */ = {isa = PBXFileReference; lastKnownFileType = sourcecode.swift; path = Half.swift; sourceTree = "<group>"; };
		8E45776E2B427AC800CD8251 /* Elevator.swift */ = {isa = PBXFileReference; lastKnownFileType = sourcecode.swift; path = Elevator.swift; sourceTree = "<group>"; };
		8E4577702B42814900CD8251 /* Diff.swift */ = {isa = PBXFileReference; lastKnownFileType = sourcecode.swift; path = Diff.swift; sourceTree = "<group>"; };
		8E4577742B429FA900CD8251 /* Choice.swift */ = {isa = PBXFileReference; lastKnownFileType = sourcecode.swift; path = Choice.swift; sourceTree = "<group>"; };
		8E4577762B42A2FD00CD8251 /* Selection.swift */ = {isa = PBXFileReference; lastKnownFileType = sourcecode.swift; path = Selection.swift; sourceTree = "<group>"; };
		8E4577782B42ABB200CD8251 /* Nil.swift */ = {isa = PBXFileReference; lastKnownFileType = sourcecode.swift; path = Nil.swift; sourceTree = "<group>"; };
		8E45777A2B42D98600CD8251 /* Option.swift */ = {isa = PBXFileReference; lastKnownFileType = sourcecode.swift; path = Option.swift; sourceTree = "<group>"; };
		8E45777C2B43CF2100CD8251 /* Sample.swift */ = {isa = PBXFileReference; lastKnownFileType = sourcecode.swift; path = Sample.swift; sourceTree = "<group>"; };
		8E45777E2B43D65B00CD8251 /* Exception.swift */ = {isa = PBXFileReference; lastKnownFileType = sourcecode.swift; path = Exception.swift; sourceTree = "<group>"; };
		8E4577802B43DCCD00CD8251 /* MyCar.swift */ = {isa = PBXFileReference; lastKnownFileType = sourcecode.swift; path = MyCar.swift; sourceTree = "<group>"; };
		8E4577822B43ECD800CD8251 /* Generic.swift */ = {isa = PBXFileReference; lastKnownFileType = sourcecode.swift; path = Generic.swift; sourceTree = "<group>"; };
		8E4577862B43F27900CD8251 /* Exapp.swift */ = {isa = PBXFileReference; lastKnownFileType = sourcecode.swift; path = Exapp.swift; sourceTree = "<group>"; };
		8E4577882B43FFC800CD8251 /* Layout.swift */ = {isa = PBXFileReference; lastKnownFileType = sourcecode.swift; path = Layout.swift; sourceTree = "<group>"; };
		8E45778A2B4420A100CD8251 /* Onboarding.swift */ = {isa = PBXFileReference; lastKnownFileType = sourcecode.swift; path = Onboarding.swift; sourceTree = "<group>"; };
		8E45778C2B44240E00CD8251 /* ListLoop.swift */ = {isa = PBXFileReference; lastKnownFileType = sourcecode.swift; path = ListLoop.swift; sourceTree = "<group>"; };
		8E4577902B45985900CD8251 /* Setting.swift */ = {isa = PBXFileReference; lastKnownFileType = sourcecode.swift; path = Setting.swift; sourceTree = "<group>"; };
		8E4577932B45A23500CD8251 /* Modal.swift */ = {isa = PBXFileReference; lastKnownFileType = sourcecode.swift; path = Modal.swift; sourceTree = "<group>"; };
		8E4577952B45A3D400CD8251 /* Detail.swift */ = {isa = PBXFileReference; lastKnownFileType = sourcecode.swift; path = Detail.swift; sourceTree = "<group>"; };
/* End PBXFileReference section */

/* Begin PBXFrameworksBuildPhase section */
		8E45774E2B412F4200CD8251 /* Frameworks */ = {
			isa = PBXFrameworksBuildPhase;
			buildActionMask = 2147483647;
			files = (
			);
			runOnlyForDeploymentPostprocessing = 0;
		};
/* End PBXFrameworksBuildPhase section */

/* Begin PBXGroup section */
		8E4577482B412F4200CD8251 = {
			isa = PBXGroup;
			children = (
				8E4577532B412F4200CD8251 /* FastSwiftBasic */,
				8E4577522B412F4200CD8251 /* Products */,
			);
			sourceTree = "<group>";
		};
		8E4577522B412F4200CD8251 /* Products */ = {
			isa = PBXGroup;
			children = (
				8E4577512B412F4200CD8251 /* FastSwiftBasic.app */,
			);
			name = Products;
			sourceTree = "<group>";
		};
		8E4577532B412F4200CD8251 /* FastSwiftBasic */ = {
			isa = PBXGroup;
			children = (
				8E4577922B45A22A00CD8251 /* Modal */,
				8E4577542B412F4200CD8251 /* FastSwiftBasicApp.swift */,
				8E4577562B412F4200CD8251 /* ContentView.swift */,
				8E4577582B412F4500CD8251 /* Assets.xcassets */,
				8E45775A2B412F4500CD8251 /* Preview Content */,
				8E4577622B41325100CD8251 /* VariableType.swift */,
				8E4577642B41401E00CD8251 /* MyCollection.swift */,
				8E4577662B41471D00CD8251 /* Condition.swift */,
				8E4577682B41507B00CD8251 /* Loop.swift */,
				8E45776A2B4156C600CD8251 /* function.swift */,
				8E45776C2B415CD300CD8251 /* Half.swift */,
				8E45776E2B427AC800CD8251 /* Elevator.swift */,
				8E4577702B42814900CD8251 /* Diff.swift */,
				8E4577742B429FA900CD8251 /* Choice.swift */,
				8E4577762B42A2FD00CD8251 /* Selection.swift */,
				8E4577782B42ABB200CD8251 /* Nil.swift */,
				8E45777A2B42D98600CD8251 /* Option.swift */,
				8E45777C2B43CF2100CD8251 /* Sample.swift */,
				8E45777E2B43D65B00CD8251 /* Exception.swift */,
				8E4577802B43DCCD00CD8251 /* MyCar.swift */,
				8E4577822B43ECD800CD8251 /* Generic.swift */,
				8E4577862B43F27900CD8251 /* Exapp.swift */,
				8E4577882B43FFC800CD8251 /* Layout.swift */,
				8E45778A2B4420A100CD8251 /* Onboarding.swift */,
				8E45778C2B44240E00CD8251 /* ListLoop.swift */,
				8E4577902B45985900CD8251 /* Setting.swift */,
				8E34132E2B4684CD00DF394D /* Navigation.swift */,
			);
			path = FastSwiftBasic;
			sourceTree = "<group>";
		};
		8E45775A2B412F4500CD8251 /* Preview Content */ = {
			isa = PBXGroup;
			children = (
				8E45775B2B412F4500CD8251 /* Preview Assets.xcassets */,
			);
			path = "Preview Content";
			sourceTree = "<group>";
		};
		8E4577922B45A22A00CD8251 /* Modal */ = {
			isa = PBXGroup;
			children = (
				8E4577932B45A23500CD8251 /* Modal.swift */,
				8E4577952B45A3D400CD8251 /* Detail.swift */,
			);
			path = Modal;
			sourceTree = "<group>";
		};
/* End PBXGroup section */

/* Begin PBXNativeTarget section */
		8E4577502B412F4200CD8251 /* FastSwiftBasic */ = {
			isa = PBXNativeTarget;
			buildConfigurationList = 8E45775F2B412F4500CD8251 /* Build configuration list for PBXNativeTarget "FastSwiftBasic" */;
			buildPhases = (
				8E45774D2B412F4200CD8251 /* Sources */,
				8E45774E2B412F4200CD8251 /* Frameworks */,
				8E45774F2B412F4200CD8251 /* Resources */,
			);
			buildRules = (
			);
			dependencies = (
			);
			name = FastSwiftBasic;
			productName = FastSwiftBasic;
			productReference = 8E4577512B412F4200CD8251 /* FastSwiftBasic.app */;
			productType = "com.apple.product-type.application";
		};
/* End PBXNativeTarget section */

/* Begin PBXProject section */
		8E4577492B412F4200CD8251 /* Project object */ = {
			isa = PBXProject;
			attributes = {
				BuildIndependentTargetsInParallel = 1;
				LastSwiftUpdateCheck = 1510;
				LastUpgradeCheck = 1510;
				TargetAttributes = {
					8E4577502B412F4200CD8251 = {
						CreatedOnToolsVersion = 15.1;
					};
				};
			};
			buildConfigurationList = 8E45774C2B412F4200CD8251 /* Build configuration list for PBXProject "FastSwiftBasic" */;
			compatibilityVersion = "Xcode 14.0";
			developmentRegion = en;
			hasScannedForEncodings = 0;
			knownRegions = (
				en,
				Base,
			);
			mainGroup = 8E4577482B412F4200CD8251;
			productRefGroup = 8E4577522B412F4200CD8251 /* Products */;
			projectDirPath = "";
			projectRoot = "";
			targets = (
				8E4577502B412F4200CD8251 /* FastSwiftBasic */,
			);
		};
/* End PBXProject section */

/* Begin PBXResourcesBuildPhase section */
		8E45774F2B412F4200CD8251 /* Resources */ = {
			isa = PBXResourcesBuildPhase;
			buildActionMask = 2147483647;
			files = (
				8E45775C2B412F4500CD8251 /* Preview Assets.xcassets in Resources */,
				8E4577592B412F4500CD8251 /* Assets.xcassets in Resources */,
			);
			runOnlyForDeploymentPostprocessing = 0;
		};
/* End PBXResourcesBuildPhase section */

/* Begin PBXSourcesBuildPhase section */
		8E45774D2B412F4200CD8251 /* Sources */ = {
			isa = PBXSourcesBuildPhase;
			buildActionMask = 2147483647;
			files = (
				8E4577772B42A2FD00CD8251 /* Selection.swift in Sources */,
				8E45776D2B415CD300CD8251 /* Half.swift in Sources */,
				8E45777B2B42D98600CD8251 /* Option.swift in Sources */,
				8E4577632B41325100CD8251 /* VariableType.swift in Sources */,
				8E4577752B429FA900CD8251 /* Choice.swift in Sources */,
				8E4577792B42ABB200CD8251 /* Nil.swift in Sources */,
				8E4577912B45985900CD8251 /* Setting.swift in Sources */,
				8E4577572B412F4200CD8251 /* ContentView.swift in Sources */,
				8E4577552B412F4200CD8251 /* FastSwiftBasicApp.swift in Sources */,
				8E34132F2B4684CD00DF394D /* Navigation.swift in Sources */,
				8E45778B2B4420A100CD8251 /* Onboarding.swift in Sources */,
				8E45776B2B4156C600CD8251 /* function.swift in Sources */,
				8E4577872B43F27900CD8251 /* Exapp.swift in Sources */,
				8E45777F2B43D65B00CD8251 /* Exception.swift in Sources */,
				8E4577812B43DCCD00CD8251 /* MyCar.swift in Sources */,
				8E4577832B43ECD800CD8251 /* Generic.swift in Sources */,
				8E4577692B41507B00CD8251 /* Loop.swift in Sources */,
				8E4577962B45A3D400CD8251 /* Detail.swift in Sources */,
				8E45778D2B44240E00CD8251 /* ListLoop.swift in Sources */,
				8E45777D2B43CF2100CD8251 /* Sample.swift in Sources */,
				8E4577712B42814900CD8251 /* Diff.swift in Sources */,
				8E4577942B45A23500CD8251 /* Modal.swift in Sources */,
				8E4577652B41401E00CD8251 /* MyCollection.swift in Sources */,
				8E4577892B43FFC800CD8251 /* Layout.swift in Sources */,
				8E4577672B41471D00CD8251 /* Condition.swift in Sources */,
				8E45776F2B427AC800CD8251 /* Elevator.swift in Sources */,
			);
			runOnlyForDeploymentPostprocessing = 0;
		};
/* End PBXSourcesBuildPhase section */

/* Begin XCBuildConfiguration section */
		8E45775D2B412F4500CD8251 /* Debug */ = {
			isa = XCBuildConfiguration;
			buildSettings = {
				ALWAYS_SEARCH_USER_PATHS = NO;
				ASSETCATALOG_COMPILER_GENERATE_SWIFT_ASSET_SYMBOL_EXTENSIONS = YES;
				CLANG_ANALYZER_NONNULL = YES;
				CLANG_ANALYZER_NUMBER_OBJECT_CONVERSION = YES_AGGRESSIVE;
				CLANG_CXX_LANGUAGE_STANDARD = "gnu++20";
				CLANG_ENABLE_MODULES = YES;
				CLANG_ENABLE_OBJC_ARC = YES;
				CLANG_ENABLE_OBJC_WEAK = YES;
				CLANG_WARN_BLOCK_CAPTURE_AUTORELEASING = YES;
				CLANG_WARN_BOOL_CONVERSION = YES;
				CLANG_WARN_COMMA = YES;
				CLANG_WARN_CONSTANT_CONVERSION = YES;
				CLANG_WARN_DEPRECATED_OBJC_IMPLEMENTATIONS = YES;
				CLANG_WARN_DIRECT_OBJC_ISA_USAGE = YES_ERROR;
				CLANG_WARN_DOCUMENTATION_COMMENTS = YES;
				CLANG_WARN_EMPTY_BODY = YES;
				CLANG_WARN_ENUM_CONVERSION = YES;
				CLANG_WARN_INFINITE_RECURSION = YES;
				CLANG_WARN_INT_CONVERSION = YES;
				CLANG_WARN_NON_LITERAL_NULL_CONVERSION = YES;
				CLANG_WARN_OBJC_IMPLICIT_RETAIN_SELF = YES;
				CLANG_WARN_OBJC_LITERAL_CONVERSION = YES;
				CLANG_WARN_OBJC_ROOT_CLASS = YES_ERROR;
				CLANG_WARN_QUOTED_INCLUDE_IN_FRAMEWORK_HEADER = YES;
				CLANG_WARN_RANGE_LOOP_ANALYSIS = YES;
				CLANG_WARN_STRICT_PROTOTYPES = YES;
				CLANG_WARN_SUSPICIOUS_MOVE = YES;
				CLANG_WARN_UNGUARDED_AVAILABILITY = YES_AGGRESSIVE;
				CLANG_WARN_UNREACHABLE_CODE = YES;
				CLANG_WARN__DUPLICATE_METHOD_MATCH = YES;
				COPY_PHASE_STRIP = NO;
				DEBUG_INFORMATION_FORMAT = dwarf;
				ENABLE_STRICT_OBJC_MSGSEND = YES;
				ENABLE_TESTABILITY = YES;
				ENABLE_USER_SCRIPT_SANDBOXING = YES;
				GCC_C_LANGUAGE_STANDARD = gnu17;
				GCC_DYNAMIC_NO_PIC = NO;
				GCC_NO_COMMON_BLOCKS = YES;
				GCC_OPTIMIZATION_LEVEL = 0;
				GCC_PREPROCESSOR_DEFINITIONS = (
					"DEBUG=1",
					"$(inherited)",
				);
				GCC_WARN_64_TO_32_BIT_CONVERSION = YES;
				GCC_WARN_ABOUT_RETURN_TYPE = YES_ERROR;
				GCC_WARN_UNDECLARED_SELECTOR = YES;
				GCC_WARN_UNINITIALIZED_AUTOS = YES_AGGRESSIVE;
				GCC_WARN_UNUSED_FUNCTION = YES;
				GCC_WARN_UNUSED_VARIABLE = YES;
				IPHONEOS_DEPLOYMENT_TARGET = 17.2;
				LOCALIZATION_PREFERS_STRING_CATALOGS = YES;
				MTL_ENABLE_DEBUG_INFO = INCLUDE_SOURCE;
				MTL_FAST_MATH = YES;
				ONLY_ACTIVE_ARCH = YES;
				SDKROOT = iphoneos;
				SWIFT_ACTIVE_COMPILATION_CONDITIONS = "DEBUG $(inherited)";
				SWIFT_OPTIMIZATION_LEVEL = "-Onone";
			};
			name = Debug;
		};
		8E45775E2B412F4500CD8251 /* Release */ = {
			isa = XCBuildConfiguration;
			buildSettings = {
				ALWAYS_SEARCH_USER_PATHS = NO;
				ASSETCATALOG_COMPILER_GENERATE_SWIFT_ASSET_SYMBOL_EXTENSIONS = YES;
				CLANG_ANALYZER_NONNULL = YES;
				CLANG_ANALYZER_NUMBER_OBJECT_CONVERSION = YES_AGGRESSIVE;
				CLANG_CXX_LANGUAGE_STANDARD = "gnu++20";
				CLANG_ENABLE_MODULES = YES;
				CLANG_ENABLE_OBJC_ARC = YES;
				CLANG_ENABLE_OBJC_WEAK = YES;
				CLANG_WARN_BLOCK_CAPTURE_AUTORELEASING = YES;
				CLANG_WARN_BOOL_CONVERSION = YES;
				CLANG_WARN_COMMA = YES;
				CLANG_WARN_CONSTANT_CONVERSION = YES;
				CLANG_WARN_DEPRECATED_OBJC_IMPLEMENTATIONS = YES;
				CLANG_WARN_DIRECT_OBJC_ISA_USAGE = YES_ERROR;
				CLANG_WARN_DOCUMENTATION_COMMENTS = YES;
				CLANG_WARN_EMPTY_BODY = YES;
				CLANG_WARN_ENUM_CONVERSION = YES;
				CLANG_WARN_INFINITE_RECURSION = YES;
				CLANG_WARN_INT_CONVERSION = YES;
				CLANG_WARN_NON_LITERAL_NULL_CONVERSION = YES;
				CLANG_WARN_OBJC_IMPLICIT_RETAIN_SELF = YES;
				CLANG_WARN_OBJC_LITERAL_CONVERSION = YES;
				CLANG_WARN_OBJC_ROOT_CLASS = YES_ERROR;
				CLANG_WARN_QUOTED_INCLUDE_IN_FRAMEWORK_HEADER = YES;
				CLANG_WARN_RANGE_LOOP_ANALYSIS = YES;
				CLANG_WARN_STRICT_PROTOTYPES = YES;
				CLANG_WARN_SUSPICIOUS_MOVE = YES;
				CLANG_WARN_UNGUARDED_AVAILABILITY = YES_AGGRESSIVE;
				CLANG_WARN_UNREACHABLE_CODE = YES;
				CLANG_WARN__DUPLICATE_METHOD_MATCH = YES;
				COPY_PHASE_STRIP = NO;
				DEBUG_INFORMATION_FORMAT = "dwarf-with-dsym";
				ENABLE_NS_ASSERTIONS = NO;
				ENABLE_STRICT_OBJC_MSGSEND = YES;
				ENABLE_USER_SCRIPT_SANDBOXING = YES;
				GCC_C_LANGUAGE_STANDARD = gnu17;
				GCC_NO_COMMON_BLOCKS = YES;
				GCC_WARN_64_TO_32_BIT_CONVERSION = YES;
				GCC_WARN_ABOUT_RETURN_TYPE = YES_ERROR;
				GCC_WARN_UNDECLARED_SELECTOR = YES;
				GCC_WARN_UNINITIALIZED_AUTOS = YES_AGGRESSIVE;
				GCC_WARN_UNUSED_FUNCTION = YES;
				GCC_WARN_UNUSED_VARIABLE = YES;
				IPHONEOS_DEPLOYMENT_TARGET = 17.2;
				LOCALIZATION_PREFERS_STRING_CATALOGS = YES;
				MTL_ENABLE_DEBUG_INFO = NO;
				MTL_FAST_MATH = YES;
				SDKROOT = iphoneos;
				SWIFT_COMPILATION_MODE = wholemodule;
				VALIDATE_PRODUCT = YES;
			};
			name = Release;
		};
		8E4577602B412F4500CD8251 /* Debug */ = {
			isa = XCBuildConfiguration;
			buildSettings = {
				ASSETCATALOG_COMPILER_APPICON_NAME = AppIcon;
				ASSETCATALOG_COMPILER_GLOBAL_ACCENT_COLOR_NAME = AccentColor;
				CODE_SIGN_STYLE = Automatic;
				CURRENT_PROJECT_VERSION = 1;
				DEVELOPMENT_ASSET_PATHS = "\"FastSwiftBasic/Preview Content\"";
				DEVELOPMENT_TEAM = 9GGZWXBXQ6;
				ENABLE_PREVIEWS = YES;
				GENERATE_INFOPLIST_FILE = YES;
				INFOPLIST_KEY_UIApplicationSceneManifest_Generation = YES;
				INFOPLIST_KEY_UIApplicationSupportsIndirectInputEvents = YES;
				INFOPLIST_KEY_UILaunchScreen_Generation = YES;
				INFOPLIST_KEY_UISupportedInterfaceOrientations_iPad = "UIInterfaceOrientationPortrait UIInterfaceOrientationPortraitUpsideDown UIInterfaceOrientationLandscapeLeft UIInterfaceOrientationLandscapeRight";
				INFOPLIST_KEY_UISupportedInterfaceOrientations_iPhone = "UIInterfaceOrientationPortrait UIInterfaceOrientationLandscapeLeft UIInterfaceOrientationLandscapeRight";
				LD_RUNPATH_SEARCH_PATHS = (
					"$(inherited)",
					"@executable_path/Frameworks",
				);
				MARKETING_VERSION = 1.0;
				PRODUCT_BUNDLE_IDENTIFIER = YangSiKwanTalk.FastSwiftBasic;
				PRODUCT_NAME = "$(TARGET_NAME)";
				SWIFT_EMIT_LOC_STRINGS = YES;
				SWIFT_VERSION = 5.0;
				TARGETED_DEVICE_FAMILY = "1,2";
			};
			name = Debug;
		};
		8E4577612B412F4500CD8251 /* Release */ = {
			isa = XCBuildConfiguration;
			buildSettings = {
				ASSETCATALOG_COMPILER_APPICON_NAME = AppIcon;
				ASSETCATALOG_COMPILER_GLOBAL_ACCENT_COLOR_NAME = AccentColor;
				CODE_SIGN_STYLE = Automatic;
				CURRENT_PROJECT_VERSION = 1;
				DEVELOPMENT_ASSET_PATHS = "\"FastSwiftBasic/Preview Content\"";
				DEVELOPMENT_TEAM = 9GGZWXBXQ6;
				ENABLE_PREVIEWS = YES;
				GENERATE_INFOPLIST_FILE = YES;
				INFOPLIST_KEY_UIApplicationSceneManifest_Generation = YES;
				INFOPLIST_KEY_UIApplicationSupportsIndirectInputEvents = YES;
				INFOPLIST_KEY_UILaunchScreen_Generation = YES;
				INFOPLIST_KEY_UISupportedInterfaceOrientations_iPad = "UIInterfaceOrientationPortrait UIInterfaceOrientationPortraitUpsideDown UIInterfaceOrientationLandscapeLeft UIInterfaceOrientationLandscapeRight";
				INFOPLIST_KEY_UISupportedInterfaceOrientations_iPhone = "UIInterfaceOrientationPortrait UIInterfaceOrientationLandscapeLeft UIInterfaceOrientationLandscapeRight";
				LD_RUNPATH_SEARCH_PATHS = (
					"$(inherited)",
					"@executable_path/Frameworks",
				);
				MARKETING_VERSION = 1.0;
				PRODUCT_BUNDLE_IDENTIFIER = YangSiKwanTalk.FastSwiftBasic;
				PRODUCT_NAME = "$(TARGET_NAME)";
				SWIFT_EMIT_LOC_STRINGS = YES;
				SWIFT_VERSION = 5.0;
				TARGETED_DEVICE_FAMILY = "1,2";
			};
			name = Release;
		};
/* End XCBuildConfiguration section */

/* Begin XCConfigurationList section */
		8E45774C2B412F4200CD8251 /* Build configuration list for PBXProject "FastSwiftBasic" */ = {
			isa = XCConfigurationList;
			buildConfigurations = (
				8E45775D2B412F4500CD8251 /* Debug */,
				8E45775E2B412F4500CD8251 /* Release */,
			);
			defaultConfigurationIsVisible = 0;
			defaultConfigurationName = Release;
		};
		8E45775F2B412F4500CD8251 /* Build configuration list for PBXNativeTarget "FastSwiftBasic" */ = {
			isa = XCConfigurationList;
			buildConfigurations = (
				8E4577602B412F4500CD8251 /* Debug */,
				8E4577612B412F4500CD8251 /* Release */,
			);
			defaultConfigurationIsVisible = 0;
			defaultConfigurationName = Release;
		};
/* End XCConfigurationList section */
	};
	rootObject = 8E4577492B412F4200CD8251 /* Project object */;
}
